// !$*UTF8*$!
{
	archiveVersion = 1;
	classes = {
	};
	objectVersion = 46;
	objects = {

/* Begin PBXBuildFile section */
		881EB644186B3C1900C6CD98 /* Foundation.framework in Frameworks */ = {isa = PBXBuildFile; fileRef = 881EB643186B3C1900C6CD98 /* Foundation.framework */; };
		881EB646186B3C1900C6CD98 /* CoreGraphics.framework in Frameworks */ = {isa = PBXBuildFile; fileRef = 881EB645186B3C1900C6CD98 /* CoreGraphics.framework */; };
		881EB648186B3C1900C6CD98 /* UIKit.framework in Frameworks */ = {isa = PBXBuildFile; fileRef = 881EB647186B3C1900C6CD98 /* UIKit.framework */; };
		881EB64E186B3C1A00C6CD98 /* InfoPlist.strings in Resources */ = {isa = PBXBuildFile; fileRef = 881EB64C186B3C1A00C6CD98 /* InfoPlist.strings */; };
		881EB650186B3C1A00C6CD98 /* main.m in Sources */ = {isa = PBXBuildFile; fileRef = 881EB64F186B3C1A00C6CD98 /* main.m */; };
		881EB654186B3C1A00C6CD98 /* JSQAppDelegate.m in Sources */ = {isa = PBXBuildFile; fileRef = 881EB653186B3C1A00C6CD98 /* JSQAppDelegate.m */; };
		881EB657186B3C1A00C6CD98 /* Main.storyboard in Resources */ = {isa = PBXBuildFile; fileRef = 881EB655186B3C1A00C6CD98 /* Main.storyboard */; };
		881EB65A186B3C1A00C6CD98 /* JSQViewController.m in Sources */ = {isa = PBXBuildFile; fileRef = 881EB659186B3C1A00C6CD98 /* JSQViewController.m */; };
		881EB65C186B3C1A00C6CD98 /* Images.xcassets in Resources */ = {isa = PBXBuildFile; fileRef = 881EB65B186B3C1A00C6CD98 /* Images.xcassets */; };
		881EB663186B3C1A00C6CD98 /* XCTest.framework in Frameworks */ = {isa = PBXBuildFile; fileRef = 881EB662186B3C1A00C6CD98 /* XCTest.framework */; };
		881EB664186B3C1A00C6CD98 /* Foundation.framework in Frameworks */ = {isa = PBXBuildFile; fileRef = 881EB643186B3C1900C6CD98 /* Foundation.framework */; };
		881EB665186B3C1A00C6CD98 /* UIKit.framework in Frameworks */ = {isa = PBXBuildFile; fileRef = 881EB647186B3C1900C6CD98 /* UIKit.framework */; };
		881EB66D186B3C1A00C6CD98 /* InfoPlist.strings in Resources */ = {isa = PBXBuildFile; fileRef = 881EB66B186B3C1A00C6CD98 /* InfoPlist.strings */; };
		881EB66F186B3C1A00C6CD98 /* FlatButtonDemoTests.m in Sources */ = {isa = PBXBuildFile; fileRef = 881EB66E186B3C1A00C6CD98 /* FlatButtonDemoTests.m */; };
		88B306F5186B3E9C00BDB1BA /* QuartzCore.framework in Frameworks */ = {isa = PBXBuildFile; fileRef = 88B306F4186B3E9C00BDB1BA /* QuartzCore.framework */; };
		88B306FE186B42FB00BDB1BA /* JSQFlatButton.m in Sources */ = {isa = PBXBuildFile; fileRef = 88B306F9186B42FB00BDB1BA /* JSQFlatButton.m */; };
/* End PBXBuildFile section */

/* Begin PBXContainerItemProxy section */
		881EB666186B3C1A00C6CD98 /* PBXContainerItemProxy */ = {
			isa = PBXContainerItemProxy;
			containerPortal = 881EB638186B3C1900C6CD98 /* Project object */;
			proxyType = 1;
			remoteGlobalIDString = 881EB63F186B3C1900C6CD98;
			remoteInfo = FlatButtonDemo;
		};
/* End PBXContainerItemProxy section */

/* Begin PBXFileReference section */
		881EB640186B3C1900C6CD98 /* FlatButtonDemo.app */ = {isa = PBXFileReference; explicitFileType = wrapper.application; includeInIndex = 0; path = FlatButtonDemo.app; sourceTree = BUILT_PRODUCTS_DIR; };
		881EB643186B3C1900C6CD98 /* Foundation.framework */ = {isa = PBXFileReference; lastKnownFileType = wrapper.framework; name = Foundation.framework; path = System/Library/Frameworks/Foundation.framework; sourceTree = SDKROOT; };
		881EB645186B3C1900C6CD98 /* CoreGraphics.framework */ = {isa = PBXFileReference; lastKnownFileType = wrapper.framework; name = CoreGraphics.framework; path = System/Library/Frameworks/CoreGraphics.framework; sourceTree = SDKROOT; };
		881EB647186B3C1900C6CD98 /* UIKit.framework */ = {isa = PBXFileReference; lastKnownFileType = wrapper.framework; name = UIKit.framework; path = System/Library/Frameworks/UIKit.framework; sourceTree = SDKROOT; };
		881EB64B186B3C1A00C6CD98 /* FlatButtonDemo-Info.plist */ = {isa = PBXFileReference; lastKnownFileType = text.plist.xml; path = "FlatButtonDemo-Info.plist"; sourceTree = "<group>"; };
		881EB64D186B3C1A00C6CD98 /* en */ = {isa = PBXFileReference; lastKnownFileType = text.plist.strings; name = en; path = en.lproj/InfoPlist.strings; sourceTree = "<group>"; };
		881EB64F186B3C1A00C6CD98 /* main.m */ = {isa = PBXFileReference; lastKnownFileType = sourcecode.c.objc; path = main.m; sourceTree = "<group>"; };
		881EB651186B3C1A00C6CD98 /* FlatButtonDemo-Prefix.pch */ = {isa = PBXFileReference; lastKnownFileType = sourcecode.c.h; path = "FlatButtonDemo-Prefix.pch"; sourceTree = "<group>"; };
		881EB652186B3C1A00C6CD98 /* JSQAppDelegate.h */ = {isa = PBXFileReference; lastKnownFileType = sourcecode.c.h; path = JSQAppDelegate.h; sourceTree = "<group>"; };
		881EB653186B3C1A00C6CD98 /* JSQAppDelegate.m */ = {isa = PBXFileReference; lastKnownFileType = sourcecode.c.objc; path = JSQAppDelegate.m; sourceTree = "<group>"; };
		881EB656186B3C1A00C6CD98 /* Base */ = {isa = PBXFileReference; lastKnownFileType = file.storyboard; name = Base; path = Base.lproj/Main.storyboard; sourceTree = "<group>"; };
		881EB658186B3C1A00C6CD98 /* JSQViewController.h */ = {isa = PBXFileReference; lastKnownFileType = sourcecode.c.h; path = JSQViewController.h; sourceTree = "<group>"; };
		881EB659186B3C1A00C6CD98 /* JSQViewController.m */ = {isa = PBXFileReference; lastKnownFileType = sourcecode.c.objc; path = JSQViewController.m; sourceTree = "<group>"; };
		881EB65B186B3C1A00C6CD98 /* Images.xcassets */ = {isa = PBXFileReference; lastKnownFileType = folder.assetcatalog; path = Images.xcassets; sourceTree = "<group>"; };
		881EB661186B3C1A00C6CD98 /* FlatButtonDemoTests.xctest */ = {isa = PBXFileReference; explicitFileType = wrapper.cfbundle; includeInIndex = 0; path = FlatButtonDemoTests.xctest; sourceTree = BUILT_PRODUCTS_DIR; };
		881EB662186B3C1A00C6CD98 /* XCTest.framework */ = {isa = PBXFileReference; lastKnownFileType = wrapper.framework; name = XCTest.framework; path = Library/Frameworks/XCTest.framework; sourceTree = DEVELOPER_DIR; };
		881EB66A186B3C1A00C6CD98 /* FlatButtonDemoTests-Info.plist */ = {isa = PBXFileReference; lastKnownFileType = text.plist.xml; path = "FlatButtonDemoTests-Info.plist"; sourceTree = "<group>"; };
		881EB66C186B3C1A00C6CD98 /* en */ = {isa = PBXFileReference; lastKnownFileType = text.plist.strings; name = en; path = en.lproj/InfoPlist.strings; sourceTree = "<group>"; };
		881EB66E186B3C1A00C6CD98 /* FlatButtonDemoTests.m */ = {isa = PBXFileReference; lastKnownFileType = sourcecode.c.objc; path = FlatButtonDemoTests.m; sourceTree = "<group>"; };
		88B306F4186B3E9C00BDB1BA /* QuartzCore.framework */ = {isa = PBXFileReference; lastKnownFileType = wrapper.framework; name = QuartzCore.framework; path = System/Library/Frameworks/QuartzCore.framework; sourceTree = SDKROOT; };
		88B306F8186B42FB00BDB1BA /* JSQFlatButton.h */ = {isa = PBXFileReference; fileEncoding = 4; lastKnownFileType = sourcecode.c.h; path = JSQFlatButton.h; sourceTree = "<group>"; };
		88B306F9186B42FB00BDB1BA /* JSQFlatButton.m */ = {isa = PBXFileReference; fileEncoding = 4; lastKnownFileType = sourcecode.c.objc; path = JSQFlatButton.m; sourceTree = "<group>"; };
/* End PBXFileReference section */

/* Begin PBXFrameworksBuildPhase section */
		881EB63D186B3C1900C6CD98 /* Frameworks */ = {
			isa = PBXFrameworksBuildPhase;
			buildActionMask = 2147483647;
			files = (
				88B306F5186B3E9C00BDB1BA /* QuartzCore.framework in Frameworks */,
				881EB646186B3C1900C6CD98 /* CoreGraphics.framework in Frameworks */,
				881EB648186B3C1900C6CD98 /* UIKit.framework in Frameworks */,
				881EB644186B3C1900C6CD98 /* Foundation.framework in Frameworks */,
			);
			runOnlyForDeploymentPostprocessing = 0;
		};
		881EB65E186B3C1A00C6CD98 /* Frameworks */ = {
			isa = PBXFrameworksBuildPhase;
			buildActionMask = 2147483647;
			files = (
				881EB663186B3C1A00C6CD98 /* XCTest.framework in Frameworks */,
				881EB665186B3C1A00C6CD98 /* UIKit.framework in Frameworks */,
				881EB664186B3C1A00C6CD98 /* Foundation.framework in Frameworks */,
			);
			runOnlyForDeploymentPostprocessing = 0;
		};
/* End PBXFrameworksBuildPhase section */

/* Begin PBXGroup section */
		881EB637186B3C1900C6CD98 = {
			isa = PBXGroup;
			children = (
				88B306F6186B42FB00BDB1BA /* JSQFlatButton */,
				881EB649186B3C1900C6CD98 /* FlatButtonDemo */,
				881EB668186B3C1A00C6CD98 /* FlatButtonDemoTests */,
				881EB642186B3C1900C6CD98 /* Frameworks */,
				881EB641186B3C1900C6CD98 /* Products */,
			);
			sourceTree = "<group>";
		};
		881EB641186B3C1900C6CD98 /* Products */ = {
			isa = PBXGroup;
			children = (
				881EB640186B3C1900C6CD98 /* FlatButtonDemo.app */,
				881EB661186B3C1A00C6CD98 /* FlatButtonDemoTests.xctest */,
			);
			name = Products;
			sourceTree = "<group>";
		};
		881EB642186B3C1900C6CD98 /* Frameworks */ = {
			isa = PBXGroup;
			children = (
				88B306F4186B3E9C00BDB1BA /* QuartzCore.framework */,
				881EB643186B3C1900C6CD98 /* Foundation.framework */,
				881EB645186B3C1900C6CD98 /* CoreGraphics.framework */,
				881EB647186B3C1900C6CD98 /* UIKit.framework */,
				881EB662186B3C1A00C6CD98 /* XCTest.framework */,
			);
			name = Frameworks;
			sourceTree = "<group>";
		};
		881EB649186B3C1900C6CD98 /* FlatButtonDemo */ = {
			isa = PBXGroup;
			children = (
				881EB652186B3C1A00C6CD98 /* JSQAppDelegate.h */,
				881EB653186B3C1A00C6CD98 /* JSQAppDelegate.m */,
				881EB655186B3C1A00C6CD98 /* Main.storyboard */,
				881EB658186B3C1A00C6CD98 /* JSQViewController.h */,
				881EB659186B3C1A00C6CD98 /* JSQViewController.m */,
				881EB65B186B3C1A00C6CD98 /* Images.xcassets */,
				881EB64A186B3C1A00C6CD98 /* Supporting Files */,
			);
			path = FlatButtonDemo;
			sourceTree = "<group>";
		};
		881EB64A186B3C1A00C6CD98 /* Supporting Files */ = {
			isa = PBXGroup;
			children = (
				881EB64B186B3C1A00C6CD98 /* FlatButtonDemo-Info.plist */,
				881EB64C186B3C1A00C6CD98 /* InfoPlist.strings */,
				881EB64F186B3C1A00C6CD98 /* main.m */,
				881EB651186B3C1A00C6CD98 /* FlatButtonDemo-Prefix.pch */,
			);
			name = "Supporting Files";
			sourceTree = "<group>";
		};
		881EB668186B3C1A00C6CD98 /* FlatButtonDemoTests */ = {
			isa = PBXGroup;
			children = (
				881EB66E186B3C1A00C6CD98 /* FlatButtonDemoTests.m */,
				881EB669186B3C1A00C6CD98 /* Supporting Files */,
			);
			path = FlatButtonDemoTests;
			sourceTree = "<group>";
		};
		881EB669186B3C1A00C6CD98 /* Supporting Files */ = {
			isa = PBXGroup;
			children = (
				881EB66A186B3C1A00C6CD98 /* FlatButtonDemoTests-Info.plist */,
				881EB66B186B3C1A00C6CD98 /* InfoPlist.strings */,
			);
			name = "Supporting Files";
			sourceTree = "<group>";
		};
		88B306F6186B42FB00BDB1BA /* JSQFlatButton */ = {
			isa = PBXGroup;
			children = (
				88B306F7186B42FB00BDB1BA /* Classes */,
			);
			path = JSQFlatButton;
			sourceTree = "<group>";
		};
		88B306F7186B42FB00BDB1BA /* Classes */ = {
			isa = PBXGroup;
			children = (
				88B306F8186B42FB00BDB1BA /* JSQFlatButton.h */,
				88B306F9186B42FB00BDB1BA /* JSQFlatButton.m */,
			);
			path = Classes;
			sourceTree = "<group>";
		};
/* End PBXGroup section */

/* Begin PBXNativeTarget section */
		881EB63F186B3C1900C6CD98 /* FlatButtonDemo */ = {
			isa = PBXNativeTarget;
			buildConfigurationList = 881EB672186B3C1A00C6CD98 /* Build configuration list for PBXNativeTarget "FlatButtonDemo" */;
			buildPhases = (
				881EB63C186B3C1900C6CD98 /* Sources */,
				881EB63D186B3C1900C6CD98 /* Frameworks */,
				881EB63E186B3C1900C6CD98 /* Resources */,
			);
			buildRules = (
			);
			dependencies = (
			);
			name = FlatButtonDemo;
			productName = FlatButtonDemo;
			productReference = 881EB640186B3C1900C6CD98 /* FlatButtonDemo.app */;
			productType = "com.apple.product-type.application";
		};
		881EB660186B3C1A00C6CD98 /* FlatButtonDemoTests */ = {
			isa = PBXNativeTarget;
			buildConfigurationList = 881EB675186B3C1A00C6CD98 /* Build configuration list for PBXNativeTarget "FlatButtonDemoTests" */;
			buildPhases = (
				881EB65D186B3C1A00C6CD98 /* Sources */,
				881EB65E186B3C1A00C6CD98 /* Frameworks */,
				881EB65F186B3C1A00C6CD98 /* Resources */,
			);
			buildRules = (
			);
			dependencies = (
				881EB667186B3C1A00C6CD98 /* PBXTargetDependency */,
			);
			name = FlatButtonDemoTests;
			productName = FlatButtonDemoTests;
			productReference = 881EB661186B3C1A00C6CD98 /* FlatButtonDemoTests.xctest */;
			productType = "com.apple.product-type.bundle.unit-test";
		};
/* End PBXNativeTarget section */

/* Begin PBXProject section */
		881EB638186B3C1900C6CD98 /* Project object */ = {
			isa = PBXProject;
			attributes = {
				CLASSPREFIX = JSQ;
				LastUpgradeCheck = 0500;
				ORGANIZATIONNAME = "Hexed Bits";
				TargetAttributes = {
					881EB660186B3C1A00C6CD98 = {
						TestTargetID = 881EB63F186B3C1900C6CD98;
					};
				};
			};
			buildConfigurationList = 881EB63B186B3C1900C6CD98 /* Build configuration list for PBXProject "FlatButtonDemo" */;
			compatibilityVersion = "Xcode 3.2";
			developmentRegion = English;
			hasScannedForEncodings = 0;
			knownRegions = (
				en,
				Base,
			);
			mainGroup = 881EB637186B3C1900C6CD98;
			productRefGroup = 881EB641186B3C1900C6CD98 /* Products */;
			projectDirPath = "";
			projectRoot = "";
			targets = (
				881EB63F186B3C1900C6CD98 /* FlatButtonDemo */,
				881EB660186B3C1A00C6CD98 /* FlatButtonDemoTests */,
			);
		};
/* End PBXProject section */

/* Begin PBXResourcesBuildPhase section */
		881EB63E186B3C1900C6CD98 /* Resources */ = {
			isa = PBXResourcesBuildPhase;
			buildActionMask = 2147483647;
			files = (
				881EB65C186B3C1A00C6CD98 /* Images.xcassets in Resources */,
				881EB64E186B3C1A00C6CD98 /* InfoPlist.strings in Resources */,
				881EB657186B3C1A00C6CD98 /* Main.storyboard in Resources */,
			);
			runOnlyForDeploymentPostprocessing = 0;
		};
		881EB65F186B3C1A00C6CD98 /* Resources */ = {
			isa = PBXResourcesBuildPhase;
			buildActionMask = 2147483647;
			files = (
				881EB66D186B3C1A00C6CD98 /* InfoPlist.strings in Resources */,
			);
			runOnlyForDeploymentPostprocessing = 0;
		};
/* End PBXResourcesBuildPhase section */

/* Begin PBXSourcesBuildPhase section */
		881EB63C186B3C1900C6CD98 /* Sources */ = {
			isa = PBXSourcesBuildPhase;
			buildActionMask = 2147483647;
			files = (
				881EB650186B3C1A00C6CD98 /* main.m in Sources */,
				881EB654186B3C1A00C6CD98 /* JSQAppDelegate.m in Sources */,
				881EB65A186B3C1A00C6CD98 /* JSQViewController.m in Sources */,
				88B306FE186B42FB00BDB1BA /* JSQFlatButton.m in Sources */,
			);
			runOnlyForDeploymentPostprocessing = 0;
		};
		881EB65D186B3C1A00C6CD98 /* Sources */ = {
			isa = PBXSourcesBuildPhase;
			buildActionMask = 2147483647;
			files = (
				881EB66F186B3C1A00C6CD98 /* FlatButtonDemoTests.m in Sources */,
			);
			runOnlyForDeploymentPostprocessing = 0;
		};
/* End PBXSourcesBuildPhase section */

/* Begin PBXTargetDependency section */
		881EB667186B3C1A00C6CD98 /* PBXTargetDependency */ = {
			isa = PBXTargetDependency;
			target = 881EB63F186B3C1900C6CD98 /* FlatButtonDemo */;
			targetProxy = 881EB666186B3C1A00C6CD98 /* PBXContainerItemProxy */;
		};
/* End PBXTargetDependency section */

/* Begin PBXVariantGroup section */
		881EB64C186B3C1A00C6CD98 /* InfoPlist.strings */ = {
			isa = PBXVariantGroup;
			children = (
				881EB64D186B3C1A00C6CD98 /* en */,
			);
			name = InfoPlist.strings;
			sourceTree = "<group>";
		};
		881EB655186B3C1A00C6CD98 /* Main.storyboard */ = {
			isa = PBXVariantGroup;
			children = (
				881EB656186B3C1A00C6CD98 /* Base */,
			);
			name = Main.storyboard;
			sourceTree = "<group>";
		};
		881EB66B186B3C1A00C6CD98 /* InfoPlist.strings */ = {
			isa = PBXVariantGroup;
			children = (
				881EB66C186B3C1A00C6CD98 /* en */,
			);
			name = InfoPlist.strings;
			sourceTree = "<group>";
		};
/* End PBXVariantGroup section */

/* Begin XCBuildConfiguration section */
		881EB670186B3C1A00C6CD98 /* Debug */ = {
			isa = XCBuildConfiguration;
			buildSettings = {
				ALWAYS_SEARCH_USER_PATHS = NO;
				ARCHS = "$(ARCHS_STANDARD_INCLUDING_64_BIT)";
				CLANG_CXX_LANGUAGE_STANDARD = "gnu++0x";
				CLANG_CXX_LIBRARY = "libc++";
				CLANG_ENABLE_MODULES = YES;
				CLANG_ENABLE_OBJC_ARC = YES;
				CLANG_WARN_BOOL_CONVERSION = YES;
				CLANG_WARN_CONSTANT_CONVERSION = YES;
				CLANG_WARN_DIRECT_OBJC_ISA_USAGE = YES_ERROR;
				CLANG_WARN_EMPTY_BODY = YES;
				CLANG_WARN_ENUM_CONVERSION = YES;
				CLANG_WARN_INT_CONVERSION = YES;
				CLANG_WARN_OBJC_ROOT_CLASS = YES_ERROR;
				CLANG_WARN__DUPLICATE_METHOD_MATCH = YES;
				"CODE_SIGN_IDENTITY[sdk=iphoneos*]" = "iPhone Developer";
				COPY_PHASE_STRIP = NO;
				GCC_C_LANGUAGE_STANDARD = gnu99;
				GCC_DYNAMIC_NO_PIC = NO;
				GCC_OPTIMIZATION_LEVEL = 0;
				GCC_PREPROCESSOR_DEFINITIONS = (
					"DEBUG=1",
					"$(inherited)",
				);
				GCC_SYMBOLS_PRIVATE_EXTERN = NO;
				GCC_WARN_64_TO_32_BIT_CONVERSION = YES;
				GCC_WARN_ABOUT_RETURN_TYPE = YES_ERROR;
				GCC_WARN_UNDECLARED_SELECTOR = YES;
				GCC_WARN_UNINITIALIZED_AUTOS = YES;
				GCC_WARN_UNUSED_FUNCTION = YES;
				GCC_WARN_UNUSED_VARIABLE = YES;
				IPHONEOS_DEPLOYMENT_TARGET = 7.0;
				ONLY_ACTIVE_ARCH = YES;
				SDKROOT = iphoneos;
			};
			name = Debug;
		};
		881EB671186B3C1A00C6CD98 /* Release */ = {
			isa = XCBuildConfiguration;
			buildSettings = {
				ALWAYS_SEARCH_USER_PATHS = NO;
				ARCHS = "$(ARCHS_STANDARD_INCLUDING_64_BIT)";
				CLANG_CXX_LANGUAGE_STANDARD = "gnu++0x";
				CLANG_CXX_LIBRARY = "libc++";
				CLANG_ENABLE_MODULES = YES;
				CLANG_ENABLE_OBJC_ARC = YES;
				CLANG_WARN_BOOL_CONVERSION = YES;
				CLANG_WARN_CONSTANT_CONVERSION = YES;
				CLANG_WARN_DIRECT_OBJC_ISA_USAGE = YES_ERROR;
				CLANG_WARN_EMPTY_BODY = YES;
				CLANG_WARN_ENUM_CONVERSION = YES;
				CLANG_WARN_INT_CONVERSION = YES;
				CLANG_WARN_OBJC_ROOT_CLASS = YES_ERROR;
				CLANG_WARN__DUPLICATE_METHOD_MATCH = YES;
				"CODE_SIGN_IDENTITY[sdk=iphoneos*]" = "iPhone Developer";
				COPY_PHASE_STRIP = YES;
				ENABLE_NS_ASSERTIONS = NO;
				GCC_C_LANGUAGE_STANDARD = gnu99;
				GCC_WARN_64_TO_32_BIT_CONVERSION = YES;
				GCC_WARN_ABOUT_RETURN_TYPE = YES_ERROR;
				GCC_WARN_UNDECLARED_SELECTOR = YES;
				GCC_WARN_UNINITIALIZED_AUTOS = YES;
				GCC_WARN_UNUSED_FUNCTION = YES;
				GCC_WARN_UNUSED_VARIABLE = YES;
				IPHONEOS_DEPLOYMENT_TARGET = 7.0;
				SDKROOT = iphoneos;
				VALIDATE_PRODUCT = YES;
			};
			name = Release;
		};
		881EB673186B3C1A00C6CD98 /* Debug */ = {
			isa = XCBuildConfiguration;
			buildSettings = {
				ASSETCATALOG_COMPILER_APPICON_NAME = AppIcon;
				ASSETCATALOG_COMPILER_LAUNCHIMAGE_NAME = LaunchImage;
				GCC_PRECOMPILE_PREFIX_HEADER = YES;
				GCC_PREFIX_HEADER = "FlatButtonDemo/FlatButtonDemo-Prefix.pch";
				INFOPLIST_FILE = "FlatButtonDemo/FlatButtonDemo-Info.plist";
				IPHONEOS_DEPLOYMENT_TARGET = 6.0;
				PRODUCT_NAME = "$(TARGET_NAME)";
				WRAPPER_EXTENSION = app;
			};
			name = Debug;
		};
		881EB674186B3C1A00C6CD98 /* Release */ = {
			isa = XCBuildConfiguration;
			buildSettings = {
				ASSETCATALOG_COMPILER_APPICON_NAME = AppIcon;
				ASSETCATALOG_COMPILER_LAUNCHIMAGE_NAME = LaunchImage;
				GCC_PRECOMPILE_PREFIX_HEADER = YES;
				GCC_PREFIX_HEADER = "FlatButtonDemo/FlatButtonDemo-Prefix.pch";
				INFOPLIST_FILE = "FlatButtonDemo/FlatButtonDemo-Info.plist";
				IPHONEOS_DEPLOYMENT_TARGET = 6.0;
				PRODUCT_NAME = "$(TARGET_NAME)";
				WRAPPER_EXTENSION = app;
			};
			name = Release;
		};
		881EB676186B3C1A00C6CD98 /* Debug */ = {
			isa = XCBuildConfiguration;
			buildSettings = {
				ARCHS = "$(ARCHS_STANDARD_INCLUDING_64_BIT)";
				BUNDLE_LOADER = "$(BUILT_PRODUCTS_DIR)/FlatButtonDemo.app/FlatButtonDemo";
				FRAMEWORK_SEARCH_PATHS = (
					"$(SDKROOT)/Developer/Library/Frameworks",
					"$(inherited)",
					"$(DEVELOPER_FRAMEWORKS_DIR)",
				);
				GCC_PRECOMPILE_PREFIX_HEADER = YES;
				GCC_PREFIX_HEADER = "FlatButtonDemo/FlatButtonDemo-Prefix.pch";
				GCC_PREPROCESSOR_DEFINITIONS = (
					"DEBUG=1",
					"$(inherited)",
				);
				INFOPLIST_FILE = "FlatButtonDemoTests/FlatButtonDemoTests-Info.plist";
				PRODUCT_NAME = "$(TARGET_NAME)";
				TEST_HOST = "$(BUNDLE_LOADER)";
				WRAPPER_EXTENSION = xctest;
			};
			name = Debug;
		};
		881EB677186B3C1A00C6CD98 /* Release */ = {
			isa = XCBuildConfiguration;
			buildSettings = {
				ARCHS = "$(ARCHS_STANDARD_INCLUDING_64_BIT)";
				BUNDLE_LOADER = "$(BUILT_PRODUCTS_DIR)/FlatButtonDemo.app/FlatButtonDemo";
				FRAMEWORK_SEARCH_PATHS = (
					"$(SDKROOT)/Developer/Library/Frameworks",
					"$(inherited)",
					"$(DEVELOPER_FRAMEWORKS_DIR)",
				);
				GCC_PRECOMPILE_PREFIX_HEADER = YES;
				GCC_PREFIX_HEADER = "FlatButtonDemo/FlatButtonDemo-Prefix.pch";
				INFOPLIST_FILE = "FlatButtonDemoTests/FlatButtonDemoTests-Info.plist";
				PRODUCT_NAME = "$(TARGET_NAME)";
				TEST_HOST = "$(BUNDLE_LOADER)";
				WRAPPER_EXTENSION = xctest;
			};
			name = Release;
		};
/* End XCBuildConfiguration section */

/* Begin XCConfigurationList section */
		881EB63B186B3C1900C6CD98 /* Build configuration list for PBXProject "FlatButtonDemo" */ = {
			isa = XCConfigurationList;
			buildConfigurations = (
				881EB670186B3C1A00C6CD98 /* Debug */,
				881EB671186B3C1A00C6CD98 /* Release */,
			);
			defaultConfigurationIsVisible = 0;
			defaultConfigurationName = Release;
		};
		881EB672186B3C1A00C6CD98 /* Build configuration list for PBXNativeTarget "FlatButtonDemo" */ = {
			isa = XCConfigurationList;
			buildConfigurations = (
				881EB673186B3C1A00C6CD98 /* Debug */,
				881EB674186B3C1A00C6CD98 /* Release */,
			);
			defaultConfigurationIsVisible = 0;
			defaultConfigurationName = Release;
		};
		881EB675186B3C1A00C6CD98 /* Build configuration list for PBXNativeTarget "FlatButtonDemoTests" */ = {
			isa = XCConfigurationList;
			buildConfigurations = (
				881EB676186B3C1A00C6CD98 /* Debug */,
				881EB677186B3C1A00C6CD98 /* Release */,
			);
			defaultConfigurationIsVisible = 0;
			defaultConfigurationName = Release;
		};
/* End XCConfigurationList section */
	};
	rootObject = 881EB638186B3C1900C6CD98 /* Project object */;
}
